{
  "name": "ql.io-mutable-uri",
  "version": "0.4.3",
  "dependencies": {
    "underscore": {
      "version": "1.3.1"
    },
    "nodeunit": {
      "version": "0.7.4",
      "dependencies": {
        "tap": {
          "version": "0.2.4",
          "dependencies": {
            "inherits": {
              "version": "1.0.0"
            },
            "yamlish": {
              "version": "0.0.4"
            },
            "slide": {
              "version": "1.1.3"
            },
            "runforcover": {
              "version": "0.0.2",
              "dependencies": {
                "bunker": {
                  "version": "0.1.1",
                  "dependencies": {
                    "burrito": {
                      "version": "0.2.11",
                      "dependencies": {
                        "traverse": {
                          "version": "0.5.2"
                        },
                        "uglify-js": {
                          "version": "1.0.7"
                        }
                      }
                    }
                  }
                }
              }
            },
            "nopt": {
              "version": "1.0.10",
              "dependencies": {
                "abbrev": {
                  "version": "1.0.3"
                }
              }
            },
            "mkdirp": {
              "version": "0.3.0"
            },
            "difflet": {
              "version": "0.2.1",
              "dependencies": {
                "traverse": {
                  "version": "0.6.0"
                },
                "charm": {
                  "version": "0.0.6"
                }
              }
            },
            "deep-equal": {
              "version": "0.0.0"
            }
          }
        }
      }
    }
  }
}
